
Microsoft Visual Studio Solution File, Format Version 12.00
# Visual Studio Version 17
VisualStudioVersion = 17.11.35327.3
MinimumVisualStudioVersion = 10.0.40219.1
Project("{9A19103F-16F7-4668-BE54-9A1E7A4F7556}") = "SchoolPsychologicalHealthSupportSystem_Repo", "SchoolPsychologicalHealthSupportSystem\SchoolPsychologicalHealthSupportSystem_Repo.csproj", "{6DFDA56E-582E-48F9-910F-DEEA2B3E8D16}"
EndProject
Project("{FAE04EC0-301F-11D3-BF4B-00C04F79EFBC}") = "SchoolPsychologicalHealthSupportSystem_Service", "SchoolPsychologicalHealthSupportSystem_Service\SchoolPsychologicalHealthSupportSystem_Service.csproj", "{CA11FFB7-0BCD-4D6B-8C38-EA8E7D108293}"
EndProject
Project("{FAE04EC0-301F-11D3-BF4B-00C04F79EFBC}") = "SchoolPsychologicalHealthSupportSystem_APIService", "SchoolPsychologicalHealthSupportSystem_APIService\SchoolPsychologicalHealthSupportSystem_APIService.csproj", "{FD4C1A84-CE1F-4C65-8F2F-1053768F9E8F}"
EndProject
Global
	GlobalSection(SolutionConfigurationPlatforms) = preSolution
		Debug|Any CPU = Debug|Any CPU
		Release|Any CPU = Release|Any CPU
	EndGlobalSection
	GlobalSection(ProjectConfigurationPlatforms) = postSolution
		{6DFDA56E-582E-48F9-910F-DEEA2B3E8D16}.Debug|Any CPU.ActiveCfg = Debug|Any CPU
		{6DFDA56E-582E-48F9-910F-DEEA2B3E8D16}.Debug|Any CPU.Build.0 = Debug|Any CPU
		{6DFDA56E-582E-48F9-910F-DEEA2B3E8D16}.Release|Any CPU.ActiveCfg = Release|Any CPU
		{6DFDA56E-582E-48F9-910F-DEEA2B3E8D16}.Release|Any CPU.Build.0 = Release|Any CPU
		{CA11FFB7-0BCD-4D6B-8C38-EA8E7D108293}.Debug|Any CPU.ActiveCfg = Debug|Any CPU
		{CA11FFB7-0BCD-4D6B-8C38-EA8E7D108293}.Debug|Any CPU.Build.0 = Debug|Any CPU
		{CA11FFB7-0BCD-4D6B-8C38-EA8E7D108293}.Release|Any CPU.ActiveCfg = Release|Any CPU
		{CA11FFB7-0BCD-4D6B-8C38-EA8E7D108293}.Release|Any CPU.Build.0 = Release|Any CPU
		{FD4C1A84-CE1F-4C65-8F2F-1053768F9E8F}.Debug|Any CPU.ActiveCfg = Debug|Any CPU
		{FD4C1A84-CE1F-4C65-8F2F-1053768F9E8F}.Debug|Any CPU.Build.0 = Debug|Any CPU
		{FD4C1A84-CE1F-4C65-8F2F-1053768F9E8F}.Release|Any CPU.ActiveCfg = Release|Any CPU
		{FD4C1A84-CE1F-4C65-8F2F-1053768F9E8F}.Release|Any CPU.Build.0 = Release|Any CPU
	EndGlobalSection
	GlobalSection(SolutionProperties) = preSolution
		HideSolutionNode = FALSE
	EndGlobalSection
	GlobalSection(ExtensibilityGlobals) = postSolution
		SolutionGuid = {7BB24420-D05F-4102-A2D8-FD2FCC9E987E}
	EndGlobalSection
EndGlobal
